
Microsoft Visual Studio Solution File, Format Version 12.00
# Visual Studio Version 17
VisualStudioVersion = 17.3.32929.385
MinimumVisualStudioVersion = 10.0.40219.1
Project("{FAE04EC0-301F-11D3-BF4B-00C04F79EFBC}") = "Prb.ShoppingCart.Wpf", "..\Prb.ShoppingCart\Prb.ShoppingCart.Wpf\Prb.ShoppingCart.Wpf.csproj", "{868323E6-C782-4D13-829F-0E68F7000D92}"
EndProject
Global
	GlobalSection(SolutionConfigurationPlatforms) = preSolution
		Debug|Any CPU = Debug|Any CPU
		Release|Any CPU = Release|Any CPU
	EndGlobalSection
	GlobalSection(ProjectConfigurationPlatforms) = postSolution
		{868323E6-C782-4D13-829F-0E68F7000D92}.Debug|Any CPU.ActiveCfg = Debug|Any CPU
		{868323E6-C782-4D13-829F-0E68F7000D92}.Debug|Any CPU.Build.0 = Debug|Any CPU
		{868323E6-C782-4D13-829F-0E68F7000D92}.Release|Any CPU.ActiveCfg = Release|Any CPU
		{868323E6-C782-4D13-829F-0E68F7000D92}.Release|Any CPU.Build.0 = Release|Any CPU
	EndGlobalSection
	GlobalSection(SolutionProperties) = preSolution
		HideSolutionNode = FALSE
	EndGlobalSection
	GlobalSection(ExtensibilityGlobals) = postSolution
		SolutionGuid = {60D98808-6AC3-456E-B152-F58235E86BAA}
	EndGlobalSection
EndGlobal
